{
  "name": "conbo-example-typescript",
  "version": "1.0.0",
  "lockfileVersion": 1,
  "requires": true,
  "dependencies": {
    "conbo": {
      "version": "4.1.1",
      "resolved": "https://registry.npmjs.org/conbo/-/conbo-4.1.1.tgz",
      "integrity": "sha512-XRilmf+CPngy91AS4hgGAPPiabLBwpyDC9cl4FlTAhVsCw72ix2nPsr7K6mta901+tMTgNL457VrqPQr2liujw=="
    }
  }
}
