{
  "name": "conbo-example-typescript",
  "version": "1.0.0",
  "lockfileVersion": 1,
  "requires": true,
  "dependencies": {
    "conbo": {
      "version": "4.1.8",
      "resolved": "https://registry.npmjs.org/conbo/-/conbo-4.1.8.tgz",
      "integrity": "sha512-jdRmLHfgbJgpAfHzkiI5YEfNzzufstOdX81VVdkSEaqyU4+cbqlTA7vcNu7xi2eQdil3XytTBcp836jVbOQ9cw=="
    }
  }
}
