{
  "name": "conbo-example-typescript",
  "version": "1.0.0",
  "lockfileVersion": 1,
  "requires": true,
  "dependencies": {
    "conbo": {
      "version": "4.1.4",
      "resolved": "https://registry.npmjs.org/conbo/-/conbo-4.1.4.tgz",
      "integrity": "sha512-9t6FMdNLjMnlu8mebm8OKbHXZwRmrkUbqYYXThS6Pd7BDwM+VxBXTJK5h/1oTTA4CcyMauxQ0Qv7H5+y1foYmA=="
    }
  }
}
